version = 1
requires-python = ">=3.11"

[[package]]
name = "ai-security-openenv"
version = "1.0.0"
source = { editable = "." }
dependencies = [
  { name = "flask" },
  { name = "openai" },
  { name = "openenv-core" },
]

[package.metadata]
requires-dist = [
  { name = "flask", specifier = ">=3.0.3" },
  { name = "openai", specifier = ">=1.6.0" },
  { name = "openenv-core", specifier = ">=0.2.0" },
  { name = "pydantic", specifier = ">=2.11.10" },
  { name = "python-dotenv", specifier = ">=1.0.0" },
  { name = "pyyaml", specifier = ">=6.0.1" },
  { name = "requests", specifier = ">=2.31.0" },
]
